
Microsoft Visual Studio Solution File, Format Version 12.00
# Visual Studio 15
Project("{FAE04EC0-301F-11D3-BF4B-00C04F79EFBC}") = "Assembly-CSharp", "Assembly-CSharp.csproj", "{5FCBB0C8-CA98-D285-5F1D-E75D132C9F4D}"
EndProject
Project("{FAE04EC0-301F-11D3-BF4B-00C04F79EFBC}") = "VuforiaScripts", "VuforiaScripts.csproj", "{5565E7DE-25AB-1FDC-41AB-51CF52762A33}"
EndProject
Project("{FAE04EC0-301F-11D3-BF4B-00C04F79EFBC}") = "VuforiaEditorScripts", "VuforiaEditorScripts.csproj", "{E17BC5B0-0C29-2E2F-3F81-663B1694DB86}"
EndProject
Global
	GlobalSection(SolutionConfigurationPlatforms) = preSolution
		Debug|Any CPU = Debug|Any CPU
		Release|Any CPU = Release|Any CPU
	EndGlobalSection
	GlobalSection(ProjectConfigurationPlatforms) = postSolution
		{5FCBB0C8-CA98-D285-5F1D-E75D132C9F4D}.Debug|Any CPU.ActiveCfg = Debug|Any CPU
		{5FCBB0C8-CA98-D285-5F1D-E75D132C9F4D}.Debug|Any CPU.Build.0 = Debug|Any CPU
		{5FCBB0C8-CA98-D285-5F1D-E75D132C9F4D}.Release|Any CPU.ActiveCfg = Release|Any CPU
		{5FCBB0C8-CA98-D285-5F1D-E75D132C9F4D}.Release|Any CPU.Build.0 = Release|Any CPU
		{5565E7DE-25AB-1FDC-41AB-51CF52762A33}.Debug|Any CPU.ActiveCfg = Debug|Any CPU
		{5565E7DE-25AB-1FDC-41AB-51CF52762A33}.Debug|Any CPU.Build.0 = Debug|Any CPU
		{5565E7DE-25AB-1FDC-41AB-51CF52762A33}.Release|Any CPU.ActiveCfg = Release|Any CPU
		{5565E7DE-25AB-1FDC-41AB-51CF52762A33}.Release|Any CPU.Build.0 = Release|Any CPU
		{E17BC5B0-0C29-2E2F-3F81-663B1694DB86}.Debug|Any CPU.ActiveCfg = Debug|Any CPU
		{E17BC5B0-0C29-2E2F-3F81-663B1694DB86}.Debug|Any CPU.Build.0 = Debug|Any CPU
		{E17BC5B0-0C29-2E2F-3F81-663B1694DB86}.Release|Any CPU.ActiveCfg = Release|Any CPU
		{E17BC5B0-0C29-2E2F-3F81-663B1694DB86}.Release|Any CPU.Build.0 = Release|Any CPU
	EndGlobalSection
	GlobalSection(SolutionProperties) = preSolution
		HideSolutionNode = FALSE
	EndGlobalSection
EndGlobal
